// !$*UTF8*$!
{
	archiveVersion = 1;
	classes = {
	};
	objectVersion = 77;
	objects = {

/* Begin PBXBuildFile section */
		D463AB8C2F30691400FD84D7 /* Auth0 in Frameworks */ = {isa = PBXBuildFile; productRef = D463AB8B2F30691400FD84D7 /* Auth0 */; };
/* End PBXBuildFile section */

/* Begin PBXContainerItemProxy section */
		D463AB232F30544400FD84D7 /* PBXContainerItemProxy */ = {
			isa = PBXContainerItemProxy;
			containerPortal = D463AB0D2F30544200FD84D7 /* Project object */;
			proxyType = 1;
			remoteGlobalIDString = D463AB142F30544200FD84D7;
			remoteInfo = "Sample-MFA";
		};
		D463AB2D2F30544400FD84D7 /* PBXContainerItemProxy */ = {
			isa = PBXContainerItemProxy;
			containerPortal = D463AB0D2F30544200FD84D7 /* Project object */;
			proxyType = 1;
			remoteGlobalIDString = D463AB142F30544200FD84D7;
			remoteInfo = "Sample-MFA";
		};
/* End PBXContainerItemProxy section */

/* Begin PBXFileReference section */
		D463AB152F30544200FD84D7 /* Sample-MFA.app */ = {isa = PBXFileReference; explicitFileType = wrapper.application; includeInIndex = 0; path = "Sample-MFA.app"; sourceTree = BUILT_PRODUCTS_DIR; };
		D463AB222F30544400FD84D7 /* Sample-MFATests.xctest */ = {isa = PBXFileReference; explicitFileType = wrapper.cfbundle; includeInIndex = 0; path = "Sample-MFATests.xctest"; sourceTree = BUILT_PRODUCTS_DIR; };
		D463AB2C2F30544400FD84D7 /* Sample-MFAUITests.xctest */ = {isa = PBXFileReference; explicitFileType = wrapper.cfbundle; includeInIndex = 0; path = "Sample-MFAUITests.xctest"; sourceTree = BUILT_PRODUCTS_DIR; };
/* End PBXFileReference section */

/* Begin PBXFileSystemSynchronizedRootGroup section */
		D463AB172F30544200FD84D7 /* Sample-MFA */ = {
			isa = PBXFileSystemSynchronizedRootGroup;
			path = "Sample-MFA";
			sourceTree = "<group>";
		};
		D463AB252F30544400FD84D7 /* Sample-MFATests */ = {
			isa = PBXFileSystemSynchronizedRootGroup;
			path = "Sample-MFATests";
			sourceTree = "<group>";
		};
		D463AB2F2F30544400FD84D7 /* Sample-MFAUITests */ = {
			isa = PBXFileSystemSynchronizedRootGroup;
			path = "Sample-MFAUITests";
			sourceTree = "<group>";
		};
/* End PBXFileSystemSynchronizedRootGroup section */

/* Begin PBXFrameworksBuildPhase section */
		D463AB122F30544200FD84D7 /* Frameworks */ = {
			isa = PBXFrameworksBuildPhase;
			buildActionMask = 2147483647;
			files = (
				D463AB8C2F30691400FD84D7 /* Auth0 in Frameworks */,
			);
			runOnlyForDeploymentPostprocessing = 0;
		};
		D463AB1F2F30544400FD84D7 /* Frameworks */ = {
			isa = PBXFrameworksBuildPhase;
			buildActionMask = 2147483647;
			files = (
			);
			runOnlyForDeploymentPostprocessing = 0;
		};
		D463AB292F30544400FD84D7 /* Frameworks */ = {
			isa = PBXFrameworksBuildPhase;
			buildActionMask = 2147483647;
			files = (
			);
			runOnlyForDeploymentPostprocessing = 0;
		};
/* End PBXFrameworksBuildPhase section */

/* Begin PBXGroup section */
		D463AB0C2F30544200FD84D7 = {
			isa = PBXGroup;
			children = (
				D463AB172F30544200FD84D7 /* Sample-MFA */,
				D463AB252F30544400FD84D7 /* Sample-MFATests */,
				D463AB2F2F30544400FD84D7 /* Sample-MFAUITests */,
				D463AB162F30544200FD84D7 /* Products */,
			);
			sourceTree = "<group>";
		};
		D463AB162F30544200FD84D7 /* Products */ = {
			isa = PBXGroup;
			children = (
				D463AB152F30544200FD84D7 /* Sample-MFA.app */,
				D463AB222F30544400FD84D7 /* Sample-MFATests.xctest */,
				D463AB2C2F30544400FD84D7 /* Sample-MFAUITests.xctest */,
			);
			name = Products;
			sourceTree = "<group>";
		};
/* End PBXGroup section */

/* Begin PBXNativeTarget section */
		D463AB142F30544200FD84D7 /* Sample-MFA */ = {
			isa = PBXNativeTarget;
			buildConfigurationList = D463AB362F30544400FD84D7 /* Build configuration list for PBXNativeTarget "Sample-MFA" */;
			buildPhases = (
				D463AB112F30544200FD84D7 /* Sources */,
				D463AB122F30544200FD84D7 /* Frameworks */,
				D463AB132F30544200FD84D7 /* Resources */,
			);
			buildRules = (
			);
			dependencies = (
			);
			fileSystemSynchronizedGroups = (
				D463AB172F30544200FD84D7 /* Sample-MFA */,
			);
			name = "Sample-MFA";
			packageProductDependencies = (
				D463AB8B2F30691400FD84D7 /* Auth0 */,
			);
			productName = "Sample-MFA";
			productReference = D463AB152F30544200FD84D7 /* Sample-MFA.app */;
			productType = "com.apple.product-type.application";
		};
		D463AB212F30544400FD84D7 /* Sample-MFATests */ = {
			isa = PBXNativeTarget;
			buildConfigurationList = D463AB392F30544400FD84D7 /* Build configuration list for PBXNativeTarget "Sample-MFATests" */;
			buildPhases = (
				D463AB1E2F30544400FD84D7 /* Sources */,
				D463AB1F2F30544400FD84D7 /* Frameworks */,
				D463AB202F30544400FD84D7 /* Resources */,
			);
			buildRules = (
			);
			dependencies = (
				D463AB242F30544400FD84D7 /* PBXTargetDependency */,
			);
			fileSystemSynchronizedGroups = (
				D463AB252F30544400FD84D7 /* Sample-MFATests */,
			);
			name = "Sample-MFATests";
			packageProductDependencies = (
			);
			productName = "Sample-MFATests";
			productReference = D463AB222F30544400FD84D7 /* Sample-MFATests.xctest */;
			productType = "com.apple.product-type.bundle.unit-test";
		};
		D463AB2B2F30544400FD84D7 /* Sample-MFAUITests */ = {
			isa = PBXNativeTarget;
			buildConfigurationList = D463AB3C2F30544400FD84D7 /* Build configuration list for PBXNativeTarget "Sample-MFAUITests" */;
			buildPhases = (
				D463AB282F30544400FD84D7 /* Sources */,
				D463AB292F30544400FD84D7 /* Frameworks */,
				D463AB2A2F30544400FD84D7 /* Resources */,
			);
			buildRules = (
			);
			dependencies = (
				D463AB2E2F30544400FD84D7 /* PBXTargetDependency */,
			);
			fileSystemSynchronizedGroups = (
				D463AB2F2F30544400FD84D7 /* Sample-MFAUITests */,
			);
			name = "Sample-MFAUITests";
			packageProductDependencies = (
			);
			productName = "Sample-MFAUITests";
			productReference = D463AB2C2F30544400FD84D7 /* Sample-MFAUITests.xctest */;
			productType = "com.apple.product-type.bundle.ui-testing";
		};
/* End PBXNativeTarget section */

/* Begin PBXProject section */
		D463AB0D2F30544200FD84D7 /* Project object */ = {
			isa = PBXProject;
			attributes = {
				BuildIndependentTargetsInParallel = 1;
				LastSwiftUpdateCheck = 2610;
				LastUpgradeCheck = 2610;
				TargetAttributes = {
					D463AB142F30544200FD84D7 = {
						CreatedOnToolsVersion = 26.1.1;
					};
					D463AB212F30544400FD84D7 = {
						CreatedOnToolsVersion = 26.1.1;
						TestTargetID = D463AB142F30544200FD84D7;
					};
					D463AB2B2F30544400FD84D7 = {
						CreatedOnToolsVersion = 26.1.1;
						TestTargetID = D463AB142F30544200FD84D7;
					};
				};
			};
			buildConfigurationList = D463AB102F30544200FD84D7 /* Build configuration list for PBXProject "Sample-MFA" */;
			developmentRegion = en;
			hasScannedForEncodings = 0;
			knownRegions = (
				en,
				Base,
			);
			mainGroup = D463AB0C2F30544200FD84D7;
			minimizedProjectReferenceProxies = 1;
			packageReferences = (
				D463AB8A2F30691400FD84D7 /* XCRemoteSwiftPackageReference "Auth0.swift" */,
			);
			preferredProjectObjectVersion = 77;
			productRefGroup = D463AB162F30544200FD84D7 /* Products */;
			projectDirPath = "";
			projectRoot = "";
			targets = (
				D463AB142F30544200FD84D7 /* Sample-MFA */,
				D463AB212F30544400FD84D7 /* Sample-MFATests */,
				D463AB2B2F30544400FD84D7 /* Sample-MFAUITests */,
			);
		};
/* End PBXProject section */

/* Begin PBXResourcesBuildPhase section */
		D463AB132F30544200FD84D7 /* Resources */ = {
			isa = PBXResourcesBuildPhase;
			buildActionMask = 2147483647;
			files = (
			);
			runOnlyForDeploymentPostprocessing = 0;
		};
		D463AB202F30544400FD84D7 /* Resources */ = {
			isa = PBXResourcesBuildPhase;
			buildActionMask = 2147483647;
			files = (
			);
			runOnlyForDeploymentPostprocessing = 0;
		};
		D463AB2A2F30544400FD84D7 /* Resources */ = {
			isa = PBXResourcesBuildPhase;
			buildActionMask = 2147483647;
			files = (
			);
			runOnlyForDeploymentPostprocessing = 0;
		};
/* End PBXResourcesBuildPhase section */

/* Begin PBXSourcesBuildPhase section */
		D463AB112F30544200FD84D7 /* Sources */ = {
			isa = PBXSourcesBuildPhase;
			buildActionMask = 2147483647;
			files = (
			);
			runOnlyForDeploymentPostprocessing = 0;
		};
		D463AB1E2F30544400FD84D7 /* Sources */ = {
			isa = PBXSourcesBuildPhase;
			buildActionMask = 2147483647;
			files = (
			);
			runOnlyForDeploymentPostprocessing = 0;
		};
		D463AB282F30544400FD84D7 /* Sources */ = {
			isa = PBXSourcesBuildPhase;
			buildActionMask = 2147483647;
			files = (
			);
			runOnlyForDeploymentPostprocessing = 0;
		};
/* End PBXSourcesBuildPhase section */

/* Begin PBXTargetDependency section */
		D463AB242F30544400FD84D7 /* PBXTargetDependency */ = {
			isa = PBXTargetDependency;
			target = D463AB142F30544200FD84D7 /* Sample-MFA */;
			targetProxy = D463AB232F30544400FD84D7 /* PBXContainerItemProxy */;
		};
		D463AB2E2F30544400FD84D7 /* PBXTargetDependency */ = {
			isa = PBXTargetDependency;
			target = D463AB142F30544200FD84D7 /* Sample-MFA */;
			targetProxy = D463AB2D2F30544400FD84D7 /* PBXContainerItemProxy */;
		};
/* End PBXTargetDependency section */

/* Begin XCBuildConfiguration section */
		D463AB342F30544400FD84D7 /* Debug */ = {
			isa = XCBuildConfiguration;
			buildSettings = {
				ALWAYS_SEARCH_USER_PATHS = NO;
				ASSETCATALOG_COMPILER_GENERATE_SWIFT_ASSET_SYMBOL_EXTENSIONS = YES;
				CLANG_ANALYZER_NONNULL = YES;
				CLANG_ANALYZER_NUMBER_OBJECT_CONVERSION = YES_AGGRESSIVE;
				CLANG_CXX_LANGUAGE_STANDARD = "gnu++20";
				CLANG_ENABLE_MODULES = YES;
				CLANG_ENABLE_OBJC_ARC = YES;
				CLANG_ENABLE_OBJC_WEAK = YES;
				CLANG_WARN_BLOCK_CAPTURE_AUTORELEASING = YES;
				CLANG_WARN_BOOL_CONVERSION = YES;
				CLANG_WARN_COMMA = YES;
				CLANG_WARN_CONSTANT_CONVERSION = YES;
				CLANG_WARN_DEPRECATED_OBJC_IMPLEMENTATIONS = YES;
				CLANG_WARN_DIRECT_OBJC_ISA_USAGE = YES_ERROR;
				CLANG_WARN_DOCUMENTATION_COMMENTS = YES;
				CLANG_WARN_EMPTY_BODY = YES;
				CLANG_WARN_ENUM_CONVERSION = YES;
				CLANG_WARN_INFINITE_RECURSION = YES;
				CLANG_WARN_INT_CONVERSION = YES;
				CLANG_WARN_NON_LITERAL_NULL_CONVERSION = YES;
				CLANG_WARN_OBJC_IMPLICIT_RETAIN_SELF = YES;
				CLANG_WARN_OBJC_LITERAL_CONVERSION = YES;
				CLANG_WARN_OBJC_ROOT_CLASS = YES_ERROR;
				CLANG_WARN_QUOTED_INCLUDE_IN_FRAMEWORK_HEADER = YES;
				CLANG_WARN_RANGE_LOOP_ANALYSIS = YES;
				CLANG_WARN_STRICT_PROTOTYPES = YES;
				CLANG_WARN_SUSPICIOUS_MOVE = YES;
				CLANG_WARN_UNGUARDED_AVAILABILITY = YES_AGGRESSIVE;
				CLANG_WARN_UNREACHABLE_CODE = YES;
				CLANG_WARN__DUPLICATE_METHOD_MATCH = YES;
				COPY_PHASE_STRIP = NO;
				DEBUG_INFORMATION_FORMAT = dwarf;
				ENABLE_STRICT_OBJC_MSGSEND = YES;
				ENABLE_TESTABILITY = YES;
				ENABLE_USER_SCRIPT_SANDBOXING = YES;
				GCC_C_LANGUAGE_STANDARD = gnu17;
				GCC_DYNAMIC_NO_PIC = NO;
				GCC_NO_COMMON_BLOCKS = YES;
				GCC_OPTIMIZATION_LEVEL = 0;
				GCC_PREPROCESSOR_DEFINITIONS = (
					"DEBUG=1",
					"$(inherited)",
				);
				GCC_WARN_64_TO_32_BIT_CONVERSION = YES;
				GCC_WARN_ABOUT_RETURN_TYPE = YES_ERROR;
				GCC_WARN_UNDECLARED_SELECTOR = YES;
				GCC_WARN_UNINITIALIZED_AUTOS = YES_AGGRESSIVE;
				GCC_WARN_UNUSED_FUNCTION = YES;
				GCC_WARN_UNUSED_VARIABLE = YES;
				IPHONEOS_DEPLOYMENT_TARGET = 26.1;
				LOCALIZATION_PREFERS_STRING_CATALOGS = YES;
				MTL_ENABLE_DEBUG_INFO = INCLUDE_SOURCE;
				MTL_FAST_MATH = YES;
				ONLY_ACTIVE_ARCH = YES;
				SDKROOT = iphoneos;
				SWIFT_ACTIVE_COMPILATION_CONDITIONS = "DEBUG $(inherited)";
				SWIFT_OPTIMIZATION_LEVEL = "-Onone";
			};
			name = Debug;
		};
		D463AB352F30544400FD84D7 /* Release */ = {
			isa = XCBuildConfiguration;
			buildSettings = {
				ALWAYS_SEARCH_USER_PATHS = NO;
				ASSETCATALOG_COMPILER_GENERATE_SWIFT_ASSET_SYMBOL_EXTENSIONS = YES;
				CLANG_ANALYZER_NONNULL = YES;
				CLANG_ANALYZER_NUMBER_OBJECT_CONVERSION = YES_AGGRESSIVE;
				CLANG_CXX_LANGUAGE_STANDARD = "gnu++20";
				CLANG_ENABLE_MODULES = YES;
				CLANG_ENABLE_OBJC_ARC = YES;
				CLANG_ENABLE_OBJC_WEAK = YES;
				CLANG_WARN_BLOCK_CAPTURE_AUTORELEASING = YES;
				CLANG_WARN_BOOL_CONVERSION = YES;
				CLANG_WARN_COMMA = YES;
				CLANG_WARN_CONSTANT_CONVERSION = YES;
				CLANG_WARN_DEPRECATED_OBJC_IMPLEMENTATIONS = YES;
				CLANG_WARN_DIRECT_OBJC_ISA_USAGE = YES_ERROR;
				CLANG_WARN_DOCUMENTATION_COMMENTS = YES;
				CLANG_WARN_EMPTY_BODY = YES;
				CLANG_WARN_ENUM_CONVERSION = YES;
				CLANG_WARN_INFINITE_RECURSION = YES;
				CLANG_WARN_INT_CONVERSION = YES;
				CLANG_WARN_NON_LITERAL_NULL_CONVERSION = YES;
				CLANG_WARN_OBJC_IMPLICIT_RETAIN_SELF = YES;
				CLANG_WARN_OBJC_LITERAL_CONVERSION = YES;
				CLANG_WARN_OBJC_ROOT_CLASS = YES_ERROR;
				CLANG_WARN_QUOTED_INCLUDE_IN_FRAMEWORK_HEADER = YES;
				CLANG_WARN_RANGE_LOOP_ANALYSIS = YES;
				CLANG_WARN_STRICT_PROTOTYPES = YES;
				CLANG_WARN_SUSPICIOUS_MOVE = YES;
				CLANG_WARN_UNGUARDED_AVAILABILITY = YES_AGGRESSIVE;
				CLANG_WARN_UNREACHABLE_CODE = YES;
				CLANG_WARN__DUPLICATE_METHOD_MATCH = YES;
				COPY_PHASE_STRIP = NO;
				DEBUG_INFORMATION_FORMAT = "dwarf-with-dsym";
				ENABLE_NS_ASSERTIONS = NO;
				ENABLE_STRICT_OBJC_MSGSEND = YES;
				ENABLE_USER_SCRIPT_SANDBOXING = YES;
				GCC_C_LANGUAGE_STANDARD = gnu17;
				GCC_NO_COMMON_BLOCKS = YES;
				GCC_WARN_64_TO_32_BIT_CONVERSION = YES;
				GCC_WARN_ABOUT_RETURN_TYPE = YES_ERROR;
				GCC_WARN_UNDECLARED_SELECTOR = YES;
				GCC_WARN_UNINITIALIZED_AUTOS = YES_AGGRESSIVE;
				GCC_WARN_UNUSED_FUNCTION = YES;
				GCC_WARN_UNUSED_VARIABLE = YES;
				IPHONEOS_DEPLOYMENT_TARGET = 26.1;
				LOCALIZATION_PREFERS_STRING_CATALOGS = YES;
				MTL_ENABLE_DEBUG_INFO = NO;
				MTL_FAST_MATH = YES;
				SDKROOT = iphoneos;
				SWIFT_COMPILATION_MODE = wholemodule;
				VALIDATE_PRODUCT = YES;
			};
			name = Release;
		};
		D463AB372F30544400FD84D7 /* Debug */ = {
			isa = XCBuildConfiguration;
			buildSettings = {
				ASSETCATALOG_COMPILER_APPICON_NAME = AppIcon;
				ASSETCATALOG_COMPILER_GLOBAL_ACCENT_COLOR_NAME = AccentColor;
				CODE_SIGN_STYLE = Automatic;
				CURRENT_PROJECT_VERSION = 1;
				ENABLE_PREVIEWS = YES;
				GENERATE_INFOPLIST_FILE = YES;
				INFOPLIST_KEY_UIApplicationSceneManifest_Generation = YES;
				INFOPLIST_KEY_UIApplicationSupportsIndirectInputEvents = YES;
				INFOPLIST_KEY_UILaunchScreen_Generation = YES;
				INFOPLIST_KEY_UISupportedInterfaceOrientations_iPad = "UIInterfaceOrientationPortrait UIInterfaceOrientationPortraitUpsideDown UIInterfaceOrientationLandscapeLeft UIInterfaceOrientationLandscapeRight";
				INFOPLIST_KEY_UISupportedInterfaceOrientations_iPhone = "UIInterfaceOrientationPortrait UIInterfaceOrientationLandscapeLeft UIInterfaceOrientationLandscapeRight";
				LD_RUNPATH_SEARCH_PATHS = (
					"$(inherited)",
					"@executable_path/Frameworks",
				);
				MARKETING_VERSION = 1.0;
				PRODUCT_BUNDLE_IDENTIFIER = "com.auth0.OAuth2.Sample-MFA";
				PRODUCT_NAME = "$(TARGET_NAME)";
				STRING_CATALOG_GENERATE_SYMBOLS = YES;
				SWIFT_APPROACHABLE_CONCURRENCY = YES;
				SWIFT_DEFAULT_ACTOR_ISOLATION = MainActor;
				SWIFT_EMIT_LOC_STRINGS = YES;
				SWIFT_UPCOMING_FEATURE_MEMBER_IMPORT_VISIBILITY = YES;
				SWIFT_VERSION = 5.0;
				TARGETED_DEVICE_FAMILY = "1,2";
			};
			name = Debug;
		};
		D463AB382F30544400FD84D7 /* Release */ = {
			isa = XCBuildConfiguration;
			buildSettings = {
				ASSETCATALOG_COMPILER_APPICON_NAME = AppIcon;
				ASSETCATALOG_COMPILER_GLOBAL_ACCENT_COLOR_NAME = AccentColor;
				CODE_SIGN_STYLE = Automatic;
				CURRENT_PROJECT_VERSION = 1;
				ENABLE_PREVIEWS = YES;
				GENERATE_INFOPLIST_FILE = YES;
				INFOPLIST_KEY_UIApplicationSceneManifest_Generation = YES;
				INFOPLIST_KEY_UIApplicationSupportsIndirectInputEvents = YES;
				INFOPLIST_KEY_UILaunchScreen_Generation = YES;
				INFOPLIST_KEY_UISupportedInterfaceOrientations_iPad = "UIInterfaceOrientationPortrait UIInterfaceOrientationPortraitUpsideDown UIInterfaceOrientationLandscapeLeft UIInterfaceOrientationLandscapeRight";
				INFOPLIST_KEY_UISupportedInterfaceOrientations_iPhone = "UIInterfaceOrientationPortrait UIInterfaceOrientationLandscapeLeft UIInterfaceOrientationLandscapeRight";
				LD_RUNPATH_SEARCH_PATHS = (
					"$(inherited)",
					"@executable_path/Frameworks",
				);
				MARKETING_VERSION = 1.0;
				PRODUCT_BUNDLE_IDENTIFIER = "com.auth0.OAuth2.Sample-MFA";
				PRODUCT_NAME = "$(TARGET_NAME)";
				STRING_CATALOG_GENERATE_SYMBOLS = YES;
				SWIFT_APPROACHABLE_CONCURRENCY = YES;
				SWIFT_DEFAULT_ACTOR_ISOLATION = MainActor;
				SWIFT_EMIT_LOC_STRINGS = YES;
				SWIFT_UPCOMING_FEATURE_MEMBER_IMPORT_VISIBILITY = YES;
				SWIFT_VERSION = 5.0;
				TARGETED_DEVICE_FAMILY = "1,2";
			};
			name = Release;
		};
		D463AB3A2F30544400FD84D7 /* Debug */ = {
			isa = XCBuildConfiguration;
			buildSettings = {
				BUNDLE_LOADER = "$(TEST_HOST)";
				CODE_SIGN_STYLE = Automatic;
				CURRENT_PROJECT_VERSION = 1;
				GENERATE_INFOPLIST_FILE = YES;
				IPHONEOS_DEPLOYMENT_TARGET = 26.1;
				MARKETING_VERSION = 1.0;
				PRODUCT_BUNDLE_IDENTIFIER = "com.auth0.OAuth2.Sample-MFATests";
				PRODUCT_NAME = "$(TARGET_NAME)";
				STRING_CATALOG_GENERATE_SYMBOLS = NO;
				SWIFT_APPROACHABLE_CONCURRENCY = YES;
				SWIFT_EMIT_LOC_STRINGS = NO;
				SWIFT_UPCOMING_FEATURE_MEMBER_IMPORT_VISIBILITY = YES;
				SWIFT_VERSION = 5.0;
				TARGETED_DEVICE_FAMILY = "1,2";
				TEST_HOST = "$(BUILT_PRODUCTS_DIR)/Sample-MFA.app/$(BUNDLE_EXECUTABLE_FOLDER_PATH)/Sample-MFA";
			};
			name = Debug;
		};
		D463AB3B2F30544400FD84D7 /* Release */ = {
			isa = XCBuildConfiguration;
			buildSettings = {
				BUNDLE_LOADER = "$(TEST_HOST)";
				CODE_SIGN_STYLE = Automatic;
				CURRENT_PROJECT_VERSION = 1;
				GENERATE_INFOPLIST_FILE = YES;
				IPHONEOS_DEPLOYMENT_TARGET = 26.1;
				MARKETING_VERSION = 1.0;
				PRODUCT_BUNDLE_IDENTIFIER = "com.auth0.OAuth2.Sample-MFATests";
				PRODUCT_NAME = "$(TARGET_NAME)";
				STRING_CATALOG_GENERATE_SYMBOLS = NO;
				SWIFT_APPROACHABLE_CONCURRENCY = YES;
				SWIFT_EMIT_LOC_STRINGS = NO;
				SWIFT_UPCOMING_FEATURE_MEMBER_IMPORT_VISIBILITY = YES;
				SWIFT_VERSION = 5.0;
				TARGETED_DEVICE_FAMILY = "1,2";
				TEST_HOST = "$(BUILT_PRODUCTS_DIR)/Sample-MFA.app/$(BUNDLE_EXECUTABLE_FOLDER_PATH)/Sample-MFA";
			};
			name = Release;
		};
		D463AB3D2F30544400FD84D7 /* Debug */ = {
			isa = XCBuildConfiguration;
			buildSettings = {
				CODE_SIGN_STYLE = Automatic;
				CURRENT_PROJECT_VERSION = 1;
				GENERATE_INFOPLIST_FILE = YES;
				MARKETING_VERSION = 1.0;
				PRODUCT_BUNDLE_IDENTIFIER = "com.auth0.OAuth2.Sample-MFAUITests";
				PRODUCT_NAME = "$(TARGET_NAME)";
				STRING_CATALOG_GENERATE_SYMBOLS = NO;
				SWIFT_APPROACHABLE_CONCURRENCY = YES;
				SWIFT_EMIT_LOC_STRINGS = NO;
				SWIFT_UPCOMING_FEATURE_MEMBER_IMPORT_VISIBILITY = YES;
				SWIFT_VERSION = 5.0;
				TARGETED_DEVICE_FAMILY = "1,2";
				TEST_TARGET_NAME = "Sample-MFA";
			};
			name = Debug;
		};
		D463AB3E2F30544400FD84D7 /* Release */ = {
			isa = XCBuildConfiguration;
			buildSettings = {
				CODE_SIGN_STYLE = Automatic;
				CURRENT_PROJECT_VERSION = 1;
				GENERATE_INFOPLIST_FILE = YES;
				MARKETING_VERSION = 1.0;
				PRODUCT_BUNDLE_IDENTIFIER = "com.auth0.OAuth2.Sample-MFAUITests";
				PRODUCT_NAME = "$(TARGET_NAME)";
				STRING_CATALOG_GENERATE_SYMBOLS = NO;
				SWIFT_APPROACHABLE_CONCURRENCY = YES;
				SWIFT_EMIT_LOC_STRINGS = NO;
				SWIFT_UPCOMING_FEATURE_MEMBER_IMPORT_VISIBILITY = YES;
				SWIFT_VERSION = 5.0;
				TARGETED_DEVICE_FAMILY = "1,2";
				TEST_TARGET_NAME = "Sample-MFA";
			};
			name = Release;
		};
/* End XCBuildConfiguration section */

/* Begin XCConfigurationList section */
		D463AB102F30544200FD84D7 /* Build configuration list for PBXProject "Sample-MFA" */ = {
			isa = XCConfigurationList;
			buildConfigurations = (
				D463AB342F30544400FD84D7 /* Debug */,
				D463AB352F30544400FD84D7 /* Release */,
			);
			defaultConfigurationIsVisible = 0;
			defaultConfigurationName = Release;
		};
		D463AB362F30544400FD84D7 /* Build configuration list for PBXNativeTarget "Sample-MFA" */ = {
			isa = XCConfigurationList;
			buildConfigurations = (
				D463AB372F30544400FD84D7 /* Debug */,
				D463AB382F30544400FD84D7 /* Release */,
			);
			defaultConfigurationIsVisible = 0;
			defaultConfigurationName = Release;
		};
		D463AB392F30544400FD84D7 /* Build configuration list for PBXNativeTarget "Sample-MFATests" */ = {
			isa = XCConfigurationList;
			buildConfigurations = (
				D463AB3A2F30544400FD84D7 /* Debug */,
				D463AB3B2F30544400FD84D7 /* Release */,
			);
			defaultConfigurationIsVisible = 0;
			defaultConfigurationName = Release;
		};
		D463AB3C2F30544400FD84D7 /* Build configuration list for PBXNativeTarget "Sample-MFAUITests" */ = {
			isa = XCConfigurationList;
			buildConfigurations = (
				D463AB3D2F30544400FD84D7 /* Debug */,
				D463AB3E2F30544400FD84D7 /* Release */,
			);
			defaultConfigurationIsVisible = 0;
			defaultConfigurationName = Release;
		};
/* End XCConfigurationList section */

/* Begin XCRemoteSwiftPackageReference section */
		D463AB8A2F30691400FD84D7 /* XCRemoteSwiftPackageReference "Auth0.swift" */ = {
			isa = XCRemoteSwiftPackageReference;
			repositoryURL = "https://github.com/auth0/Auth0.swift.git";
			requirement = {
				branch = master;
				kind = branch;
			};
		};
/* End XCRemoteSwiftPackageReference section */

/* Begin XCSwiftPackageProductDependency section */
		D463AB8B2F30691400FD84D7 /* Auth0 */ = {
			isa = XCSwiftPackageProductDependency;
			package = D463AB8A2F30691400FD84D7 /* XCRemoteSwiftPackageReference "Auth0.swift" */;
			productName = Auth0;
		};
/* End XCSwiftPackageProductDependency section */
	};
	rootObject = D463AB0D2F30544200FD84D7 /* Project object */;
}
